// !$*UTF8*$!
{
	archiveVersion = 1;
	classes = {
	};
	objectVersion = 46;
	objects = {

/* Begin PBXBuildFile section */
		6BE7042A1EF9098B0096B1A2 /* UIView.swift in Sources */ = {isa = PBXBuildFile; fileRef = 6BE704291EF9098B0096B1A2 /* UIView.swift */; };
		D31D7FBD1C50C8C500FE5107 /* ArrayTests.swift in Sources */ = {isa = PBXBuildFile; fileRef = D31D7FBC1C50C8C500FE5107 /* ArrayTests.swift */; };
		D39135DD1C4FB355006DE408 /* SequenceType.swift in Sources */ = {isa = PBXBuildFile; fileRef = D39135DC1C4FB355006DE408 /* SequenceType.swift */; };
		D3CC2D471C2EAB3000F6E686 /* SwiftCommon.h in Headers */ = {isa = PBXBuildFile; fileRef = D3CC2D461C2EAB3000F6E686 /* SwiftCommon.h */; settings = {ATTRIBUTES = (Public, ); }; };
		D3CC2D4E1C2EAB3000F6E686 /* SwiftCommon.framework in Frameworks */ = {isa = PBXBuildFile; fileRef = D3CC2D431C2EAB3000F6E686 /* SwiftCommon.framework */; };
		D3CC2D531C2EAB3000F6E686 /* StringTests.swift in Sources */ = {isa = PBXBuildFile; fileRef = D3CC2D521C2EAB3000F6E686 /* StringTests.swift */; };
		D3CC2D5F1C2EABA100F6E686 /* String.swift in Sources */ = {isa = PBXBuildFile; fileRef = D3CC2D5E1C2EABA100F6E686 /* String.swift */; };
		D3E8D8D31C4FDF5C00458E57 /* Dictionary.swift in Sources */ = {isa = PBXBuildFile; fileRef = D3E8D8D21C4FDF5C00458E57 /* Dictionary.swift */; };
		D3E8D8D51C4FE06700458E57 /* DictionaryTests.swift in Sources */ = {isa = PBXBuildFile; fileRef = D3E8D8D41C4FE06700458E57 /* DictionaryTests.swift */; };
		D3E8D8D71C50C11300458E57 /* FreeFunctions.swift in Sources */ = {isa = PBXBuildFile; fileRef = D3E8D8D61C50C11300458E57 /* FreeFunctions.swift */; };
		D3E8D8D91C50C3D300458E57 /* Array.swift in Sources */ = {isa = PBXBuildFile; fileRef = D3E8D8D81C50C3D300458E57 /* Array.swift */; };
		D3FE6E821C4FBD59002A6031 /* Int.swift in Sources */ = {isa = PBXBuildFile; fileRef = D3FE6E811C4FBD59002A6031 /* Int.swift */; };
		D3FE6E881C4FD0F0002A6031 /* SequenceTypeTests.swift in Sources */ = {isa = PBXBuildFile; fileRef = D3FE6E861C4FD0F0002A6031 /* SequenceTypeTests.swift */; };
		D3FE6E8A1C4FD37C002A6031 /* IntTests.swift in Sources */ = {isa = PBXBuildFile; fileRef = D3FE6E891C4FD37C002A6031 /* IntTests.swift */; };
/* End PBXBuildFile section */

/* Begin PBXContainerItemProxy section */
		D3CC2D4F1C2EAB3000F6E686 /* PBXContainerItemProxy */ = {
			isa = PBXContainerItemProxy;
			containerPortal = D3CC2D3A1C2EAB3000F6E686 /* Project object */;
			proxyType = 1;
			remoteGlobalIDString = D3CC2D421C2EAB3000F6E686;
			remoteInfo = SwiftCommon;
		};
/* End PBXContainerItemProxy section */

/* Begin PBXFileReference section */
		6BE704291EF9098B0096B1A2 /* UIView.swift */ = {isa = PBXFileReference; fileEncoding = 4; lastKnownFileType = sourcecode.swift; path = UIView.swift; sourceTree = "<group>"; };
		D31D7FBC1C50C8C500FE5107 /* ArrayTests.swift */ = {isa = PBXFileReference; fileEncoding = 4; lastKnownFileType = sourcecode.swift; path = ArrayTests.swift; sourceTree = "<group>"; };
		D39135DC1C4FB355006DE408 /* SequenceType.swift */ = {isa = PBXFileReference; fileEncoding = 4; lastKnownFileType = sourcecode.swift; path = SequenceType.swift; sourceTree = "<group>"; };
		D3CC2D431C2EAB3000F6E686 /* SwiftCommon.framework */ = {isa = PBXFileReference; explicitFileType = wrapper.framework; includeInIndex = 0; path = SwiftCommon.framework; sourceTree = BUILT_PRODUCTS_DIR; };
		D3CC2D461C2EAB3000F6E686 /* SwiftCommon.h */ = {isa = PBXFileReference; lastKnownFileType = sourcecode.c.h; path = SwiftCommon.h; sourceTree = "<group>"; };
		D3CC2D481C2EAB3000F6E686 /* Info.plist */ = {isa = PBXFileReference; lastKnownFileType = text.plist.xml; path = Info.plist; sourceTree = "<group>"; };
		D3CC2D4D1C2EAB3000F6E686 /* SwiftCommonTests.xctest */ = {isa = PBXFileReference; explicitFileType = wrapper.cfbundle; includeInIndex = 0; path = SwiftCommonTests.xctest; sourceTree = BUILT_PRODUCTS_DIR; };
		D3CC2D521C2EAB3000F6E686 /* StringTests.swift */ = {isa = PBXFileReference; lastKnownFileType = sourcecode.swift; path = StringTests.swift; sourceTree = "<group>"; };
		D3CC2D541C2EAB3000F6E686 /* Info.plist */ = {isa = PBXFileReference; lastKnownFileType = text.plist.xml; path = Info.plist; sourceTree = "<group>"; };
		D3CC2D5E1C2EABA100F6E686 /* String.swift */ = {isa = PBXFileReference; fileEncoding = 4; lastKnownFileType = sourcecode.swift; path = String.swift; sourceTree = "<group>"; };
		D3E8D8D21C4FDF5C00458E57 /* Dictionary.swift */ = {isa = PBXFileReference; fileEncoding = 4; lastKnownFileType = sourcecode.swift; path = Dictionary.swift; sourceTree = "<group>"; };
		D3E8D8D41C4FE06700458E57 /* DictionaryTests.swift */ = {isa = PBXFileReference; fileEncoding = 4; lastKnownFileType = sourcecode.swift; path = DictionaryTests.swift; sourceTree = "<group>"; };
		D3E8D8D61C50C11300458E57 /* FreeFunctions.swift */ = {isa = PBXFileReference; fileEncoding = 4; lastKnownFileType = sourcecode.swift; path = FreeFunctions.swift; sourceTree = "<group>"; };
		D3E8D8D81C50C3D300458E57 /* Array.swift */ = {isa = PBXFileReference; fileEncoding = 4; lastKnownFileType = sourcecode.swift; path = Array.swift; sourceTree = "<group>"; };
		D3FE6E811C4FBD59002A6031 /* Int.swift */ = {isa = PBXFileReference; fileEncoding = 4; lastKnownFileType = sourcecode.swift; path = Int.swift; sourceTree = "<group>"; };
		D3FE6E861C4FD0F0002A6031 /* SequenceTypeTests.swift */ = {isa = PBXFileReference; fileEncoding = 4; lastKnownFileType = sourcecode.swift; path = SequenceTypeTests.swift; sourceTree = "<group>"; };
		D3FE6E891C4FD37C002A6031 /* IntTests.swift */ = {isa = PBXFileReference; fileEncoding = 4; lastKnownFileType = sourcecode.swift; path = IntTests.swift; sourceTree = "<group>"; };
/* End PBXFileReference section */

/* Begin PBXFrameworksBuildPhase section */
		D3CC2D3F1C2EAB3000F6E686 /* Frameworks */ = {
			isa = PBXFrameworksBuildPhase;
			buildActionMask = 2147483647;
			files = (
			);
			runOnlyForDeploymentPostprocessing = 0;
		};
		D3CC2D4A1C2EAB3000F6E686 /* Frameworks */ = {
			isa = PBXFrameworksBuildPhase;
			buildActionMask = 2147483647;
			files = (
				D3CC2D4E1C2EAB3000F6E686 /* SwiftCommon.framework in Frameworks */,
			);
			runOnlyForDeploymentPostprocessing = 0;
		};
/* End PBXFrameworksBuildPhase section */

/* Begin PBXGroup section */
		D3CC2D391C2EAB3000F6E686 = {
			isa = PBXGroup;
			children = (
				D3CC2D451C2EAB3000F6E686 /* SwiftCommon */,
				D3CC2D511C2EAB3000F6E686 /* SwiftCommonTests */,
				D3CC2D441C2EAB3000F6E686 /* Products */,
			);
			sourceTree = "<group>";
		};
		D3CC2D441C2EAB3000F6E686 /* Products */ = {
			isa = PBXGroup;
			children = (
				D3CC2D431C2EAB3000F6E686 /* SwiftCommon.framework */,
				D3CC2D4D1C2EAB3000F6E686 /* SwiftCommonTests.xctest */,
			);
			name = Products;
			sourceTree = "<group>";
		};
		D3CC2D451C2EAB3000F6E686 /* SwiftCommon */ = {
			isa = PBXGroup;
			children = (
				D3CC2D5D1C2EAB8000F6E686 /* Extensions */,
				D3E8D8D61C50C11300458E57 /* FreeFunctions.swift */,
				D3CC2D461C2EAB3000F6E686 /* SwiftCommon.h */,
				D3CC2D481C2EAB3000F6E686 /* Info.plist */,
			);
			path = SwiftCommon;
			sourceTree = "<group>";
		};
		D3CC2D511C2EAB3000F6E686 /* SwiftCommonTests */ = {
			isa = PBXGroup;
			children = (
				D3CC2D611C2EAD5400F6E686 /* Extensions */,
				D3CC2D541C2EAB3000F6E686 /* Info.plist */,
			);
			path = SwiftCommonTests;
			sourceTree = "<group>";
		};
		D3CC2D5D1C2EAB8000F6E686 /* Extensions */ = {
			isa = PBXGroup;
			children = (
				D3CC2D5E1C2EABA100F6E686 /* String.swift */,
				D3E8D8D81C50C3D300458E57 /* Array.swift */,
				D39135DC1C4FB355006DE408 /* SequenceType.swift */,
				D3FE6E811C4FBD59002A6031 /* Int.swift */,
				D3E8D8D21C4FDF5C00458E57 /* Dictionary.swift */,
				6BE704291EF9098B0096B1A2 /* UIView.swift */,
			);
			name = Extensions;
			sourceTree = "<group>";
		};
		D3CC2D611C2EAD5400F6E686 /* Extensions */ = {
			isa = PBXGroup;
			children = (
				D3CC2D521C2EAB3000F6E686 /* StringTests.swift */,
				D3FE6E861C4FD0F0002A6031 /* SequenceTypeTests.swift */,
				D3FE6E891C4FD37C002A6031 /* IntTests.swift */,
				D3E8D8D41C4FE06700458E57 /* DictionaryTests.swift */,
				D31D7FBC1C50C8C500FE5107 /* ArrayTests.swift */,
			);
			name = Extensions;
			sourceTree = "<group>";
		};
/* End PBXGroup section */

/* Begin PBXHeadersBuildPhase section */
		D3CC2D401C2EAB3000F6E686 /* Headers */ = {
			isa = PBXHeadersBuildPhase;
			buildActionMask = 2147483647;
			files = (
				D3CC2D471C2EAB3000F6E686 /* SwiftCommon.h in Headers */,
			);
			runOnlyForDeploymentPostprocessing = 0;
		};
/* End PBXHeadersBuildPhase section */

/* Begin PBXNativeTarget section */
		D3CC2D421C2EAB3000F6E686 /* SwiftCommon */ = {
			isa = PBXNativeTarget;
			buildConfigurationList = D3CC2D571C2EAB3000F6E686 /* Build configuration list for PBXNativeTarget "SwiftCommon" */;
			buildPhases = (
				D3CC2D3E1C2EAB3000F6E686 /* Sources */,
				D3CC2D3F1C2EAB3000F6E686 /* Frameworks */,
				D3CC2D401C2EAB3000F6E686 /* Headers */,
				D3CC2D411C2EAB3000F6E686 /* Resources */,
			);
			buildRules = (
			);
			dependencies = (
			);
			name = SwiftCommon;
			productName = SwiftCommon;
			productReference = D3CC2D431C2EAB3000F6E686 /* SwiftCommon.framework */;
			productType = "com.apple.product-type.framework";
		};
		D3CC2D4C1C2EAB3000F6E686 /* SwiftCommonTests */ = {
			isa = PBXNativeTarget;
			buildConfigurationList = D3CC2D5A1C2EAB3000F6E686 /* Build configuration list for PBXNativeTarget "SwiftCommonTests" */;
			buildPhases = (
				D3CC2D491C2EAB3000F6E686 /* Sources */,
				D3CC2D4A1C2EAB3000F6E686 /* Frameworks */,
				D3CC2D4B1C2EAB3000F6E686 /* Resources */,
			);
			buildRules = (
			);
			dependencies = (
				D3CC2D501C2EAB3000F6E686 /* PBXTargetDependency */,
			);
			name = SwiftCommonTests;
			productName = SwiftCommonTests;
			productReference = D3CC2D4D1C2EAB3000F6E686 /* SwiftCommonTests.xctest */;
			productType = "com.apple.product-type.bundle.unit-test";
		};
/* End PBXNativeTarget section */

/* Begin PBXProject section */
		D3CC2D3A1C2EAB3000F6E686 /* Project object */ = {
			isa = PBXProject;
			attributes = {
				LastSwiftUpdateCheck = 0720;
				LastUpgradeCheck = 0900;
				ORGANIZATIONNAME = Dewire;
				TargetAttributes = {
					D3CC2D421C2EAB3000F6E686 = {
						CreatedOnToolsVersion = 7.2;
						LastSwiftMigration = 0900;
					};
					D3CC2D4C1C2EAB3000F6E686 = {
						CreatedOnToolsVersion = 7.2;
						LastSwiftMigration = 0900;
					};
				};
			};
			buildConfigurationList = D3CC2D3D1C2EAB3000F6E686 /* Build configuration list for PBXProject "SwiftCommon" */;
			compatibilityVersion = "Xcode 3.2";
			developmentRegion = English;
			hasScannedForEncodings = 0;
			knownRegions = (
				en,
			);
			mainGroup = D3CC2D391C2EAB3000F6E686;
			productRefGroup = D3CC2D441C2EAB3000F6E686 /* Products */;
			projectDirPath = "";
			projectRoot = "";
			targets = (
				D3CC2D421C2EAB3000F6E686 /* SwiftCommon */,
				D3CC2D4C1C2EAB3000F6E686 /* SwiftCommonTests */,
			);
		};
/* End PBXProject section */

/* Begin PBXResourcesBuildPhase section */
		D3CC2D411C2EAB3000F6E686 /* Resources */ = {
			isa = PBXResourcesBuildPhase;
			buildActionMask = 2147483647;
			files = (
			);
			runOnlyForDeploymentPostprocessing = 0;
		};
		D3CC2D4B1C2EAB3000F6E686 /* Resources */ = {
			isa = PBXResourcesBuildPhase;
			buildActionMask = 2147483647;
			files = (
			);
			runOnlyForDeploymentPostprocessing = 0;
		};
/* End PBXResourcesBuildPhase section */

/* Begin PBXSourcesBuildPhase section */
		D3CC2D3E1C2EAB3000F6E686 /* Sources */ = {
			isa = PBXSourcesBuildPhase;
			buildActionMask = 2147483647;
			files = (
				D3E8D8D71C50C11300458E57 /* FreeFunctions.swift in Sources */,
				D3FE6E821C4FBD59002A6031 /* Int.swift in Sources */,
				D3E8D8D31C4FDF5C00458E57 /* Dictionary.swift in Sources */,
				6BE7042A1EF9098B0096B1A2 /* UIView.swift in Sources */,
				D39135DD1C4FB355006DE408 /* SequenceType.swift in Sources */,
				D3CC2D5F1C2EABA100F6E686 /* String.swift in Sources */,
				D3E8D8D91C50C3D300458E57 /* Array.swift in Sources */,
			);
			runOnlyForDeploymentPostprocessing = 0;
		};
		D3CC2D491C2EAB3000F6E686 /* Sources */ = {
			isa = PBXSourcesBuildPhase;
			buildActionMask = 2147483647;
			files = (
				D31D7FBD1C50C8C500FE5107 /* ArrayTests.swift in Sources */,
				D3FE6E8A1C4FD37C002A6031 /* IntTests.swift in Sources */,
				D3E8D8D51C4FE06700458E57 /* DictionaryTests.swift in Sources */,
				D3FE6E881C4FD0F0002A6031 /* SequenceTypeTests.swift in Sources */,
				D3CC2D531C2EAB3000F6E686 /* StringTests.swift in Sources */,
			);
			runOnlyForDeploymentPostprocessing = 0;
		};
/* End PBXSourcesBuildPhase section */

/* Begin PBXTargetDependency section */
		D3CC2D501C2EAB3000F6E686 /* PBXTargetDependency */ = {
			isa = PBXTargetDependency;
			target = D3CC2D421C2EAB3000F6E686 /* SwiftCommon */;
			targetProxy = D3CC2D4F1C2EAB3000F6E686 /* PBXContainerItemProxy */;
		};
/* End PBXTargetDependency section */

/* Begin XCBuildConfiguration section */
		D3CC2D551C2EAB3000F6E686 /* Debug */ = {
			isa = XCBuildConfiguration;
			buildSettings = {
				ALWAYS_SEARCH_USER_PATHS = NO;
				CLANG_CXX_LANGUAGE_STANDARD = "gnu++0x";
				CLANG_CXX_LIBRARY = "libc++";
				CLANG_ENABLE_MODULES = YES;
				CLANG_ENABLE_OBJC_ARC = YES;
				CLANG_WARN_BLOCK_CAPTURE_AUTORELEASING = YES;
				CLANG_WARN_BOOL_CONVERSION = YES;
				CLANG_WARN_COMMA = YES;
				CLANG_WARN_CONSTANT_CONVERSION = YES;
				CLANG_WARN_DIRECT_OBJC_ISA_USAGE = YES_ERROR;
				CLANG_WARN_EMPTY_BODY = YES;
				CLANG_WARN_ENUM_CONVERSION = YES;
				CLANG_WARN_INFINITE_RECURSION = YES;
				CLANG_WARN_INT_CONVERSION = YES;
				CLANG_WARN_NON_LITERAL_NULL_CONVERSION = YES;
				CLANG_WARN_OBJC_LITERAL_CONVERSION = YES;
				CLANG_WARN_OBJC_ROOT_CLASS = YES_ERROR;
				CLANG_WARN_RANGE_LOOP_ANALYSIS = YES;
				CLANG_WARN_STRICT_PROTOTYPES = YES;
				CLANG_WARN_SUSPICIOUS_MOVE = YES;
				CLANG_WARN_UNREACHABLE_CODE = YES;
				CLANG_WARN__DUPLICATE_METHOD_MATCH = YES;
				"CODE_SIGN_IDENTITY[sdk=iphoneos*]" = "iPhone Developer";
				COPY_PHASE_STRIP = NO;
				CURRENT_PROJECT_VERSION = 1;
				DEBUG_INFORMATION_FORMAT = dwarf;
				ENABLE_STRICT_OBJC_MSGSEND = YES;
				ENABLE_TESTABILITY = YES;
				GCC_C_LANGUAGE_STANDARD = gnu99;
				GCC_DYNAMIC_NO_PIC = NO;
				GCC_NO_COMMON_BLOCKS = YES;
				GCC_OPTIMIZATION_LEVEL = 0;
				GCC_PREPROCESSOR_DEFINITIONS = (
					"DEBUG=1",
					"$(inherited)",
				);
				GCC_WARN_64_TO_32_BIT_CONVERSION = YES;
				GCC_WARN_ABOUT_RETURN_TYPE = YES_ERROR;
				GCC_WARN_UNDECLARED_SELECTOR = YES;
				GCC_WARN_UNINITIALIZED_AUTOS = YES_AGGRESSIVE;
				GCC_WARN_UNUSED_FUNCTION = YES;
				GCC_WARN_UNUSED_VARIABLE = YES;
				IPHONEOS_DEPLOYMENT_TARGET = 8.0;
				MTL_ENABLE_DEBUG_INFO = YES;
				ONLY_ACTIVE_ARCH = YES;
				SDKROOT = iphoneos;
				SWIFT_OPTIMIZATION_LEVEL = "-Onone";
				TARGETED_DEVICE_FAMILY = "1,2";
				VERSIONING_SYSTEM = "apple-generic";
				VERSION_INFO_PREFIX = "";
			};
			name = Debug;
		};
		D3CC2D561C2EAB3000F6E686 /* Release */ = {
			isa = XCBuildConfiguration;
			buildSettings = {
				ALWAYS_SEARCH_USER_PATHS = NO;
				CLANG_CXX_LANGUAGE_STANDARD = "gnu++0x";
				CLANG_CXX_LIBRARY = "libc++";
				CLANG_ENABLE_MODULES = YES;
				CLANG_ENABLE_OBJC_ARC = YES;
				CLANG_WARN_BLOCK_CAPTURE_AUTORELEASING = YES;
				CLANG_WARN_BOOL_CONVERSION = YES;
				CLANG_WARN_COMMA = YES;
				CLANG_WARN_CONSTANT_CONVERSION = YES;
				CLANG_WARN_DIRECT_OBJC_ISA_USAGE = YES_ERROR;
				CLANG_WARN_EMPTY_BODY = YES;
				CLANG_WARN_ENUM_CONVERSION = YES;
				CLANG_WARN_INFINITE_RECURSION = YES;
				CLANG_WARN_INT_CONVERSION = YES;
				CLANG_WARN_NON_LITERAL_NULL_CONVERSION = YES;
				CLANG_WARN_OBJC_LITERAL_CONVERSION = YES;
				CLANG_WARN_OBJC_ROOT_CLASS = YES_ERROR;
				CLANG_WARN_RANGE_LOOP_ANALYSIS = YES;
				CLANG_WARN_STRICT_PROTOTYPES = YES;
				CLANG_WARN_SUSPICIOUS_MOVE = YES;
				CLANG_WARN_UNREACHABLE_CODE = YES;
				CLANG_WARN__DUPLICATE_METHOD_MATCH = YES;
				"CODE_SIGN_IDENTITY[sdk=iphoneos*]" = "iPhone Developer";
				COPY_PHASE_STRIP = NO;
				CURRENT_PROJECT_VERSION = 1;
				DEBUG_INFORMATION_FORMAT = "dwarf-with-dsym";
				ENABLE_NS_ASSERTIONS = NO;
				ENABLE_STRICT_OBJC_MSGSEND = YES;
				GCC_C_LANGUAGE_STANDARD = gnu99;
				GCC_NO_COMMON_BLOCKS = YES;
				GCC_WARN_64_TO_32_BIT_CONVERSION = YES;
				GCC_WARN_ABOUT_RETURN_TYPE = YES_ERROR;
				GCC_WARN_UNDECLARED_SELECTOR = YES;
				GCC_WARN_UNINITIALIZED_AUTOS = YES_AGGRESSIVE;
				GCC_WARN_UNUSED_FUNCTION = YES;
				GCC_WARN_UNUSED_VARIABLE = YES;
				IPHONEOS_DEPLOYMENT_TARGET = 8.0;
				MTL_ENABLE_DEBUG_INFO = NO;
				SDKROOT = iphoneos;
				SWIFT_OPTIMIZATION_LEVEL = "-Owholemodule";
				TARGETED_DEVICE_FAMILY = "1,2";
				VALIDATE_PRODUCT = YES;
				VERSIONING_SYSTEM = "apple-generic";
				VERSION_INFO_PREFIX = "";
			};
			name = Release;
		};
		D3CC2D581C2EAB3000F6E686 /* Debug */ = {
			isa = XCBuildConfiguration;
			buildSettings = {
				CLANG_ENABLE_MODULES = YES;
				"CODE_SIGN_IDENTITY[sdk=iphoneos*]" = "";
				DEFINES_MODULE = YES;
				DYLIB_COMPATIBILITY_VERSION = 1;
				DYLIB_CURRENT_VERSION = 1;
				DYLIB_INSTALL_NAME_BASE = "@rpath";
				INFOPLIST_FILE = SwiftCommon/Info.plist;
				INSTALL_PATH = "$(LOCAL_LIBRARY_DIR)/Frameworks";
				LD_RUNPATH_SEARCH_PATHS = "$(inherited) @executable_path/Frameworks @loader_path/Frameworks";
				PRODUCT_BUNDLE_IDENTIFIER = com.dewire.SwiftCommon;
				PRODUCT_NAME = "$(TARGET_NAME)";
				SKIP_INSTALL = YES;
				SWIFT_OPTIMIZATION_LEVEL = "-Onone";
				SWIFT_VERSION = 4.0;
			};
			name = Debug;
		};
		D3CC2D591C2EAB3000F6E686 /* Release */ = {
			isa = XCBuildConfiguration;
			buildSettings = {
				CLANG_ENABLE_MODULES = YES;
				"CODE_SIGN_IDENTITY[sdk=iphoneos*]" = "";
				DEFINES_MODULE = YES;
				DYLIB_COMPATIBILITY_VERSION = 1;
				DYLIB_CURRENT_VERSION = 1;
				DYLIB_INSTALL_NAME_BASE = "@rpath";
				INFOPLIST_FILE = SwiftCommon/Info.plist;
				INSTALL_PATH = "$(LOCAL_LIBRARY_DIR)/Frameworks";
				LD_RUNPATH_SEARCH_PATHS = "$(inherited) @executable_path/Frameworks @loader_path/Frameworks";
				PRODUCT_BUNDLE_IDENTIFIER = com.dewire.SwiftCommon;
				PRODUCT_NAME = "$(TARGET_NAME)";
				SKIP_INSTALL = YES;
				SWIFT_VERSION = 4.0;
			};
			name = Release;
		};
		D3CC2D5B1C2EAB3000F6E686 /* Debug */ = {
			isa = XCBuildConfiguration;
			buildSettings = {
				INFOPLIST_FILE = SwiftCommonTests/Info.plist;
				LD_RUNPATH_SEARCH_PATHS = "$(inherited) @executable_path/Frameworks @loader_path/Frameworks";
				PRODUCT_BUNDLE_IDENTIFIER = com.dewire.SwiftCommonTests;
				PRODUCT_NAME = "$(TARGET_NAME)";
				SWIFT_VERSION = 4.0;
			};
			name = Debug;
		};
		D3CC2D5C1C2EAB3000F6E686 /* Release */ = {
			isa = XCBuildConfiguration;
			buildSettings = {
				INFOPLIST_FILE = SwiftCommonTests/Info.plist;
				LD_RUNPATH_SEARCH_PATHS = "$(inherited) @executable_path/Frameworks @loader_path/Frameworks";
				PRODUCT_BUNDLE_IDENTIFIER = com.dewire.SwiftCommonTests;
				PRODUCT_NAME = "$(TARGET_NAME)";
				SWIFT_VERSION = 4.0;
			};
			name = Release;
		};
/* End XCBuildConfiguration section */

/* Begin XCConfigurationList section */
		D3CC2D3D1C2EAB3000F6E686 /* Build configuration list for PBXProject "SwiftCommon" */ = {
			isa = XCConfigurationList;
			buildConfigurations = (
				D3CC2D551C2EAB3000F6E686 /* Debug */,
				D3CC2D561C2EAB3000F6E686 /* Release */,
			);
			defaultConfigurationIsVisible = 0;
			defaultConfigurationName = Release;
		};
		D3CC2D571C2EAB3000F6E686 /* Build configuration list for PBXNativeTarget "SwiftCommon" */ = {
			isa = XCConfigurationList;
			buildConfigurations = (
				D3CC2D581C2EAB3000F6E686 /* Debug */,
				D3CC2D591C2EAB3000F6E686 /* Release */,
			);
			defaultConfigurationIsVisible = 0;
			defaultConfigurationName = Release;
		};
		D3CC2D5A1C2EAB3000F6E686 /* Build configuration list for PBXNativeTarget "SwiftCommonTests" */ = {
			isa = XCConfigurationList;
			buildConfigurations = (
				D3CC2D5B1C2EAB3000F6E686 /* Debug */,
				D3CC2D5C1C2EAB3000F6E686 /* Release */,
			);
			defaultConfigurationIsVisible = 0;
			defaultConfigurationName = Release;
		};
/* End XCConfigurationList section */
	};
	rootObject = D3CC2D3A1C2EAB3000F6E686 /* Project object */;
}
